
Microsoft Visual Studio Solution File, Format Version 12.00
# Visual Studio Version 17
VisualStudioVersion = 17.0.31903.59
MinimumVisualStudioVersion = 10.0.40219.1
Project("{FAE04EC0-301F-11D3-BF4B-00C04F79EFBC}") = "LeetCodeDaily", "LeetCodeDaily\LeetCodeDaily.csproj", "{00499904-54A8-443C-BAF7-2A165205CEDE}"
EndProject
Global
	GlobalSection(SolutionConfigurationPlatforms) = preSolution
		Debug|Any CPU = Debug|Any CPU
		Release|Any CPU = Release|Any CPU
	EndGlobalSection
	GlobalSection(SolutionProperties) = preSolution
		HideSolutionNode = FALSE
	EndGlobalSection
	GlobalSection(ProjectConfigurationPlatforms) = postSolution
		{00499904-54A8-443C-BAF7-2A165205CEDE}.Debug|Any CPU.ActiveCfg = Debug|Any CPU
		{00499904-54A8-443C-BAF7-2A165205CEDE}.Debug|Any CPU.Build.0 = Debug|Any CPU
		{00499904-54A8-443C-BAF7-2A165205CEDE}.Release|Any CPU.ActiveCfg = Release|Any CPU
		{00499904-54A8-443C-BAF7-2A165205CEDE}.Release|Any CPU.Build.0 = Release|Any CPU
	EndGlobalSection
EndGlobal
